{
  "nodes": {
    "flake-utils": {
      "locked": {
        "lastModified": 1629481132,
        "narHash": "sha256-JHgasjPR0/J1J3DRm4KxM4zTyAj4IOJY8vIl75v/kPI=",
        "owner": "numtide",
        "repo": "flake-utils",
        "rev": "997f7efcb746a9c140ce1f13c72263189225f482",
        "type": "github"
      },
      "original": {
        "owner": "numtide",
        "repo": "flake-utils",
        "type": "github"
      }
    },
    "haskellNix": {
      "inputs": {
        "nixpkgs": "nixpkgs",
        "nixpkgs-2009": "nixpkgs-2009",
        "nixpkgs-unstable": "nixpkgs-unstable"
      },
      "locked": {
        "lastModified": 1624168822,
        "narHash": "sha256-M13865Tv1e0m5NUkpSQEVAEVWdYFDCkkUOyAFfqFXzI=",
        "owner": "input-output-hk",
        "repo": "haskell.nix",
        "rev": "f279cdef5f74f4262045e83713fb5f80df2ef576",
        "type": "github"
      },
      "original": {
        "owner": "input-output-hk",
        "repo": "haskell.nix",
        "rev": "f279cdef5f74f4262045e83713fb5f80df2ef576",
        "type": "github"
      }
    },
    "nix-bundle": {
      "inputs": {
        "nixpkgs": [
          "haskellNix",
          "nixpkgs-unstable"
        ]
      },
      "locked": {
        "lastModified": 1626704917,
        "narHash": "sha256-cJ73kxY5ZCPWQeQZyCSdvkBqjqJkU5wgETBNaXfqF18=",
        "owner": "matthewbauer",
        "repo": "nix-bundle",
        "rev": "223f4ffc4179aa318c34dc873a08cb00090db829",
        "type": "github"
      },
      "original": {
        "owner": "matthewbauer",
        "repo": "nix-bundle",
        "type": "github"
      }
    },
    "nixpkgs": {
      "locked": {
        "lastModified": 1608007629,
        "narHash": "sha256-lipVFC/a2pzzA5X2ULj64je+fz1JIp2XRrB5qyoizpQ=",
        "owner": "NixOS",
        "repo": "nixpkgs",
        "rev": "f02bf8ffb9a5ec5e8f6f66f1e5544fd2aa1a0693",
        "type": "github"
      },
      "original": {
        "owner": "NixOS",
        "repo": "nixpkgs",
        "rev": "f02bf8ffb9a5ec5e8f6f66f1e5544fd2aa1a0693",
        "type": "github"
      }
    },
    "nixpkgs-2009": {
      "locked": {
        "lastModified": 1608007629,
        "narHash": "sha256-lipVFC/a2pzzA5X2ULj64je+fz1JIp2XRrB5qyoizpQ=",
        "owner": "NixOS",
        "repo": "nixpkgs",
        "rev": "f02bf8ffb9a5ec5e8f6f66f1e5544fd2aa1a0693",
        "type": "github"
      },
      "original": {
        "owner": "NixOS",
        "repo": "nixpkgs",
        "rev": "f02bf8ffb9a5ec5e8f6f66f1e5544fd2aa1a0693",
        "type": "github"
      }
    },
    "nixpkgs-unstable": {
      "locked": {
        "lastModified": 1622972307,
        "narHash": "sha256-ENOu0FPCf95iLLoq2txhJtnA2ZpOFhIVBqQVbKM8ra0=",
        "owner": "NixOS",
        "repo": "nixpkgs",
        "rev": "d8eb97e3801bde96491535f40483d550b57605b9",
        "type": "github"
      },
      "original": {
        "owner": "NixOS",
        "repo": "nixpkgs",
        "rev": "d8eb97e3801bde96491535f40483d550b57605b9",
        "type": "github"
      }
    },
    "root": {
      "inputs": {
        "flake-utils": "flake-utils",
        "haskellNix": "haskellNix",
        "nix-bundle": "nix-bundle",
        "nixpkgs": [
          "haskellNix",
          "nixpkgs-unstable"
        ]
      }
    }
  },
  "root": "root",
  "version": 7
}
